
Microsoft Visual Studio Solution File, Format Version 12.00
# Visual Studio Version 17
VisualStudioVersion = 17.11.35303.130
MinimumVisualStudioVersion = 10.0.40219.1
Project("{FAE04EC0-301F-11D3-BF4B-00C04F79EFBC}") = "EditVideo", "EditVideo\EditVideo.csproj", "{504BB273-6B6B-4A9E-B7C1-E09643038AB3}"
EndProject
Global
	GlobalSection(SolutionConfigurationPlatforms) = preSolution
		Debug|Any CPU = Debug|Any CPU
		Release|Any CPU = Release|Any CPU
	EndGlobalSection
	GlobalSection(ProjectConfigurationPlatforms) = postSolution
		{504BB273-6B6B-4A9E-B7C1-E09643038AB3}.Debug|Any CPU.ActiveCfg = Debug|Any CPU
		{504BB273-6B6B-4A9E-B7C1-E09643038AB3}.Debug|Any CPU.Build.0 = Debug|Any CPU
		{504BB273-6B6B-4A9E-B7C1-E09643038AB3}.Release|Any CPU.ActiveCfg = Release|Any CPU
		{504BB273-6B6B-4A9E-B7C1-E09643038AB3}.Release|Any CPU.Build.0 = Release|Any CPU
	EndGlobalSection
	GlobalSection(SolutionProperties) = preSolution
		HideSolutionNode = FALSE
	EndGlobalSection
	GlobalSection(ExtensibilityGlobals) = postSolution
		SolutionGuid = {0C20B612-E331-40D1-B141-56EEEBE139FD}
	EndGlobalSection
EndGlobal
